
Microsoft Visual Studio Solution File, Format Version 12.00
# Visual Studio Version 17
VisualStudioVersion = 17.4.33122.133
MinimumVisualStudioVersion = 10.0.40219.1
Project("{9A19103F-16F7-4668-BE54-9A1E7A4F7556}") = "Sheenam.Api", "Sheenam.Api\Sheenam.Api.csproj", "{83874C5C-AB8E-4BA3-BFF7-68A61795331E}"
EndProject
Project("{FAE04EC0-301F-11D3-BF4B-00C04F79EFBC}") = "Sheenam.Api.Test.Unit", "Sheenam.Api.Test.Unit\Sheenam.Api.Test.Unit.csproj", "{8DFDCF21-0C57-4D31-8D55-431E05A68C17}"
EndProject
Project("{FAE04EC0-301F-11D3-BF4B-00C04F79EFBC}") = "Sheenam.Api.Infrastructure.Buid", "Sheenam.Api.Infrastructure.Buid\Sheenam.Api.Infrastructure.Buid.csproj", "{EDEE1220-3C62-405A-A829-B52916AF9720}"
EndProject
Global
	GlobalSection(SolutionConfigurationPlatforms) = preSolution
		Debug|Any CPU = Debug|Any CPU
		Release|Any CPU = Release|Any CPU
	EndGlobalSection
	GlobalSection(ProjectConfigurationPlatforms) = postSolution
		{83874C5C-AB8E-4BA3-BFF7-68A61795331E}.Debug|Any CPU.ActiveCfg = Debug|Any CPU
		{83874C5C-AB8E-4BA3-BFF7-68A61795331E}.Debug|Any CPU.Build.0 = Debug|Any CPU
		{83874C5C-AB8E-4BA3-BFF7-68A61795331E}.Release|Any CPU.ActiveCfg = Release|Any CPU
		{83874C5C-AB8E-4BA3-BFF7-68A61795331E}.Release|Any CPU.Build.0 = Release|Any CPU
		{8DFDCF21-0C57-4D31-8D55-431E05A68C17}.Debug|Any CPU.ActiveCfg = Debug|Any CPU
		{8DFDCF21-0C57-4D31-8D55-431E05A68C17}.Debug|Any CPU.Build.0 = Debug|Any CPU
		{8DFDCF21-0C57-4D31-8D55-431E05A68C17}.Release|Any CPU.ActiveCfg = Release|Any CPU
		{8DFDCF21-0C57-4D31-8D55-431E05A68C17}.Release|Any CPU.Build.0 = Release|Any CPU
		{EDEE1220-3C62-405A-A829-B52916AF9720}.Debug|Any CPU.ActiveCfg = Debug|Any CPU
		{EDEE1220-3C62-405A-A829-B52916AF9720}.Debug|Any CPU.Build.0 = Debug|Any CPU
		{EDEE1220-3C62-405A-A829-B52916AF9720}.Release|Any CPU.ActiveCfg = Release|Any CPU
		{EDEE1220-3C62-405A-A829-B52916AF9720}.Release|Any CPU.Build.0 = Release|Any CPU
	EndGlobalSection
	GlobalSection(SolutionProperties) = preSolution
		HideSolutionNode = FALSE
	EndGlobalSection
	GlobalSection(ExtensibilityGlobals) = postSolution
		SolutionGuid = {0158E6E6-FBA6-4D35-AC78-EA658EFB1796}
	EndGlobalSection
EndGlobal
